
Microsoft Visual Studio Solution File, Format Version 12.00
# Visual Studio 15
VisualStudioVersion = 15.0.28307.136
MinimumVisualStudioVersion = 10.0.40219.1
Project("{8BC9CEB8-8B4A-11D0-8D11-00A0C91BC942}") = "Leetcode438", "Leetcode438\Leetcode438.vcxproj", "{A1D2A129-256D-445E-85B0-CA2AF54D3EF1}"
EndProject
Global
	GlobalSection(SolutionConfigurationPlatforms) = preSolution
		Debug|x64 = Debug|x64
		Debug|x86 = Debug|x86
		Release|x64 = Release|x64
		Release|x86 = Release|x86
	EndGlobalSection
	GlobalSection(ProjectConfigurationPlatforms) = postSolution
		{A1D2A129-256D-445E-85B0-CA2AF54D3EF1}.Debug|x64.ActiveCfg = Debug|x64
		{A1D2A129-256D-445E-85B0-CA2AF54D3EF1}.Debug|x64.Build.0 = Debug|x64
		{A1D2A129-256D-445E-85B0-CA2AF54D3EF1}.Debug|x86.ActiveCfg = Debug|Win32
		{A1D2A129-256D-445E-85B0-CA2AF54D3EF1}.Debug|x86.Build.0 = Debug|Win32
		{A1D2A129-256D-445E-85B0-CA2AF54D3EF1}.Release|x64.ActiveCfg = Release|x64
		{A1D2A129-256D-445E-85B0-CA2AF54D3EF1}.Release|x64.Build.0 = Release|x64
		{A1D2A129-256D-445E-85B0-CA2AF54D3EF1}.Release|x86.ActiveCfg = Release|Win32
		{A1D2A129-256D-445E-85B0-CA2AF54D3EF1}.Release|x86.Build.0 = Release|Win32
	EndGlobalSection
	GlobalSection(SolutionProperties) = preSolution
		HideSolutionNode = FALSE
	EndGlobalSection
	GlobalSection(ExtensibilityGlobals) = postSolution
		SolutionGuid = {C52CC06B-259B-4948-83A0-912BA7E263B7}
	EndGlobalSection
EndGlobal
